// !$*UTF8*$!
{
	archiveVersion = 1;
	classes = {
	};
	objectVersion = 50;
	objects = {

/* Begin PBXBuildFile section */
		2C9C45FC25E8485F000D1D88 /* Coordinator.swift in Sources */ = {isa = PBXBuildFile; fileRef = 2C9C45FB25E8485F000D1D88 /* Coordinator.swift */; };
		2CE3BDA725E894EE001E0C0F /* MyViewController.swift in Sources */ = {isa = PBXBuildFile; fileRef = 2CE3BDA625E894EE001E0C0F /* MyViewController.swift */; };
		2CECE57925E83DD80089E068 /* AppDelegate.swift in Sources */ = {isa = PBXBuildFile; fileRef = 2CECE57825E83DD80089E068 /* AppDelegate.swift */; };
		2CECE57B25E83DD80089E068 /* SceneDelegate.swift in Sources */ = {isa = PBXBuildFile; fileRef = 2CECE57A25E83DD80089E068 /* SceneDelegate.swift */; };
		2CECE57D25E83DD80089E068 /* ViewController.swift in Sources */ = {isa = PBXBuildFile; fileRef = 2CECE57C25E83DD80089E068 /* ViewController.swift */; };
		2CECE58025E83DD80089E068 /* Main.storyboard in Resources */ = {isa = PBXBuildFile; fileRef = 2CECE57E25E83DD80089E068 /* Main.storyboard */; };
		2CECE58225E83DDB0089E068 /* Assets.xcassets in Resources */ = {isa = PBXBuildFile; fileRef = 2CECE58125E83DDB0089E068 /* Assets.xcassets */; };
		2CECE58525E83DDB0089E068 /* LaunchScreen.storyboard in Resources */ = {isa = PBXBuildFile; fileRef = 2CECE58325E83DDB0089E068 /* LaunchScreen.storyboard */; };
		2CECE59125E840160089E068 /* SwiftUIView.swift in Sources */ = {isa = PBXBuildFile; fileRef = 2CECE59025E840160089E068 /* SwiftUIView.swift */; };
/* End PBXBuildFile section */

/* Begin PBXFileReference section */
		2C9C45FB25E8485F000D1D88 /* Coordinator.swift */ = {isa = PBXFileReference; lastKnownFileType = sourcecode.swift; path = Coordinator.swift; sourceTree = "<group>"; };
		2CE3BDA625E894EE001E0C0F /* MyViewController.swift */ = {isa = PBXFileReference; lastKnownFileType = sourcecode.swift; path = MyViewController.swift; sourceTree = "<group>"; };
		2CECE57525E83DD80089E068 /* CoordinatorSwiftUIKit.app */ = {isa = PBXFileReference; explicitFileType = wrapper.application; includeInIndex = 0; path = CoordinatorSwiftUIKit.app; sourceTree = BUILT_PRODUCTS_DIR; };
		2CECE57825E83DD80089E068 /* AppDelegate.swift */ = {isa = PBXFileReference; lastKnownFileType = sourcecode.swift; path = AppDelegate.swift; sourceTree = "<group>"; };
		2CECE57A25E83DD80089E068 /* SceneDelegate.swift */ = {isa = PBXFileReference; lastKnownFileType = sourcecode.swift; path = SceneDelegate.swift; sourceTree = "<group>"; };
		2CECE57C25E83DD80089E068 /* ViewController.swift */ = {isa = PBXFileReference; lastKnownFileType = sourcecode.swift; path = ViewController.swift; sourceTree = "<group>"; };
		2CECE57F25E83DD80089E068 /* Base */ = {isa = PBXFileReference; lastKnownFileType = file.storyboard; name = Base; path = Base.lproj/Main.storyboard; sourceTree = "<group>"; };
		2CECE58125E83DDB0089E068 /* Assets.xcassets */ = {isa = PBXFileReference; lastKnownFileType = folder.assetcatalog; path = Assets.xcassets; sourceTree = "<group>"; };
		2CECE58425E83DDB0089E068 /* Base */ = {isa = PBXFileReference; lastKnownFileType = file.storyboard; name = Base; path = Base.lproj/LaunchScreen.storyboard; sourceTree = "<group>"; };
		2CECE58625E83DDB0089E068 /* Info.plist */ = {isa = PBXFileReference; lastKnownFileType = text.plist.xml; path = Info.plist; sourceTree = "<group>"; };
		2CECE59025E840160089E068 /* SwiftUIView.swift */ = {isa = PBXFileReference; lastKnownFileType = sourcecode.swift; path = SwiftUIView.swift; sourceTree = "<group>"; };
/* End PBXFileReference section */

/* Begin PBXFrameworksBuildPhase section */
		2CECE57225E83DD80089E068 /* Frameworks */ = {
			isa = PBXFrameworksBuildPhase;
			buildActionMask = 2147483647;
			files = (
			);
			runOnlyForDeploymentPostprocessing = 0;
		};
/* End PBXFrameworksBuildPhase section */

/* Begin PBXGroup section */
		2CECE56C25E83DD80089E068 = {
			isa = PBXGroup;
			children = (
				2CECE57725E83DD80089E068 /* CoordinatorSwiftUIKit */,
				2CECE57625E83DD80089E068 /* Products */,
			);
			sourceTree = "<group>";
		};
		2CECE57625E83DD80089E068 /* Products */ = {
			isa = PBXGroup;
			children = (
				2CECE57525E83DD80089E068 /* CoordinatorSwiftUIKit.app */,
			);
			name = Products;
			sourceTree = "<group>";
		};
		2CECE57725E83DD80089E068 /* CoordinatorSwiftUIKit */ = {
			isa = PBXGroup;
			children = (
				2CECE58E25E83F850089E068 /* SwiftUI */,
				2CECE58D25E83F7F0089E068 /* UIKit */,
				2CECE58F25E83F990089E068 /* Support Files */,
				2CECE58625E83DDB0089E068 /* Info.plist */,
			);
			path = CoordinatorSwiftUIKit;
			sourceTree = "<group>";
		};
		2CECE58D25E83F7F0089E068 /* UIKit */ = {
			isa = PBXGroup;
			children = (
				2C9C45FB25E8485F000D1D88 /* Coordinator.swift */,
				2CECE57C25E83DD80089E068 /* ViewController.swift */,
				2CE3BDA625E894EE001E0C0F /* MyViewController.swift */,
				2CECE57E25E83DD80089E068 /* Main.storyboard */,
			);
			path = UIKit;
			sourceTree = "<group>";
		};
		2CECE58E25E83F850089E068 /* SwiftUI */ = {
			isa = PBXGroup;
			children = (
				2CECE59025E840160089E068 /* SwiftUIView.swift */,
			);
			path = SwiftUI;
			sourceTree = "<group>";
		};
		2CECE58F25E83F990089E068 /* Support Files */ = {
			isa = PBXGroup;
			children = (
				2CECE57825E83DD80089E068 /* AppDelegate.swift */,
				2CECE57A25E83DD80089E068 /* SceneDelegate.swift */,
				2CECE58125E83DDB0089E068 /* Assets.xcassets */,
				2CECE58325E83DDB0089E068 /* LaunchScreen.storyboard */,
			);
			name = "Support Files";
			sourceTree = "<group>";
		};
/* End PBXGroup section */

/* Begin PBXNativeTarget section */
		2CECE57425E83DD80089E068 /* CoordinatorSwiftUIKit */ = {
			isa = PBXNativeTarget;
			buildConfigurationList = 2CECE58925E83DDB0089E068 /* Build configuration list for PBXNativeTarget "CoordinatorSwiftUIKit" */;
			buildPhases = (
				2CECE57125E83DD80089E068 /* Sources */,
				2CECE57225E83DD80089E068 /* Frameworks */,
				2CECE57325E83DD80089E068 /* Resources */,
			);
			buildRules = (
			);
			dependencies = (
			);
			name = CoordinatorSwiftUIKit;
			productName = CoordinatorSwiftUIKit;
			productReference = 2CECE57525E83DD80089E068 /* CoordinatorSwiftUIKit.app */;
			productType = "com.apple.product-type.application";
		};
/* End PBXNativeTarget section */

/* Begin PBXProject section */
		2CECE56D25E83DD80089E068 /* Project object */ = {
			isa = PBXProject;
			attributes = {
				LastSwiftUpdateCheck = 1240;
				LastUpgradeCheck = 1240;
				TargetAttributes = {
					2CECE57425E83DD80089E068 = {
						CreatedOnToolsVersion = 12.4;
					};
				};
			};
			buildConfigurationList = 2CECE57025E83DD80089E068 /* Build configuration list for PBXProject "CoordinatorSwiftUIKit" */;
			compatibilityVersion = "Xcode 9.3";
			developmentRegion = en;
			hasScannedForEncodings = 0;
			knownRegions = (
				en,
				Base,
			);
			mainGroup = 2CECE56C25E83DD80089E068;
			productRefGroup = 2CECE57625E83DD80089E068 /* Products */;
			projectDirPath = "";
			projectRoot = "";
			targets = (
				2CECE57425E83DD80089E068 /* CoordinatorSwiftUIKit */,
			);
		};
/* End PBXProject section */

/* Begin PBXResourcesBuildPhase section */
		2CECE57325E83DD80089E068 /* Resources */ = {
			isa = PBXResourcesBuildPhase;
			buildActionMask = 2147483647;
			files = (
				2CECE58525E83DDB0089E068 /* LaunchScreen.storyboard in Resources */,
				2CECE58225E83DDB0089E068 /* Assets.xcassets in Resources */,
				2CECE58025E83DD80089E068 /* Main.storyboard in Resources */,
			);
			runOnlyForDeploymentPostprocessing = 0;
		};
/* End PBXResourcesBuildPhase section */

/* Begin PBXSourcesBuildPhase section */
		2CECE57125E83DD80089E068 /* Sources */ = {
			isa = PBXSourcesBuildPhase;
			buildActionMask = 2147483647;
			files = (
				2CECE57D25E83DD80089E068 /* ViewController.swift in Sources */,
				2CECE57925E83DD80089E068 /* AppDelegate.swift in Sources */,
				2C9C45FC25E8485F000D1D88 /* Coordinator.swift in Sources */,
				2CECE59125E840160089E068 /* SwiftUIView.swift in Sources */,
				2CE3BDA725E894EE001E0C0F /* MyViewController.swift in Sources */,
				2CECE57B25E83DD80089E068 /* SceneDelegate.swift in Sources */,
			);
			runOnlyForDeploymentPostprocessing = 0;
		};
/* End PBXSourcesBuildPhase section */

/* Begin PBXVariantGroup section */
		2CECE57E25E83DD80089E068 /* Main.storyboard */ = {
			isa = PBXVariantGroup;
			children = (
				2CECE57F25E83DD80089E068 /* Base */,
			);
			name = Main.storyboard;
			sourceTree = "<group>";
		};
		2CECE58325E83DDB0089E068 /* LaunchScreen.storyboard */ = {
			isa = PBXVariantGroup;
			children = (
				2CECE58425E83DDB0089E068 /* Base */,
			);
			name = LaunchScreen.storyboard;
			sourceTree = "<group>";
		};
/* End PBXVariantGroup section */

/* Begin XCBuildConfiguration section */
		2CECE58725E83DDB0089E068 /* Debug */ = {
			isa = XCBuildConfiguration;
			buildSettings = {
				ALWAYS_SEARCH_USER_PATHS = NO;
				CLANG_ANALYZER_NONNULL = YES;
				CLANG_ANALYZER_NUMBER_OBJECT_CONVERSION = YES_AGGRESSIVE;
				CLANG_CXX_LANGUAGE_STANDARD = "gnu++14";
				CLANG_CXX_LIBRARY = "libc++";
				CLANG_ENABLE_MODULES = YES;
				CLANG_ENABLE_OBJC_ARC = YES;
				CLANG_ENABLE_OBJC_WEAK = YES;
				CLANG_WARN_BLOCK_CAPTURE_AUTORELEASING = YES;
				CLANG_WARN_BOOL_CONVERSION = YES;
				CLANG_WARN_COMMA = YES;
				CLANG_WARN_CONSTANT_CONVERSION = YES;
				CLANG_WARN_DEPRECATED_OBJC_IMPLEMENTATIONS = YES;
				CLANG_WARN_DIRECT_OBJC_ISA_USAGE = YES_ERROR;
				CLANG_WARN_DOCUMENTATION_COMMENTS = YES;
				CLANG_WARN_EMPTY_BODY = YES;
				CLANG_WARN_ENUM_CONVERSION = YES;
				CLANG_WARN_INFINITE_RECURSION = YES;
				CLANG_WARN_INT_CONVERSION = YES;
				CLANG_WARN_NON_LITERAL_NULL_CONVERSION = YES;
				CLANG_WARN_OBJC_IMPLICIT_RETAIN_SELF = YES;
				CLANG_WARN_OBJC_LITERAL_CONVERSION = YES;
				CLANG_WARN_OBJC_ROOT_CLASS = YES_ERROR;
				CLANG_WARN_QUOTED_INCLUDE_IN_FRAMEWORK_HEADER = YES;
				CLANG_WARN_RANGE_LOOP_ANALYSIS = YES;
				CLANG_WARN_STRICT_PROTOTYPES = YES;
				CLANG_WARN_SUSPICIOUS_MOVE = YES;
				CLANG_WARN_UNGUARDED_AVAILABILITY = YES_AGGRESSIVE;
				CLANG_WARN_UNREACHABLE_CODE = YES;
				CLANG_WARN__DUPLICATE_METHOD_MATCH = YES;
				COPY_PHASE_STRIP = NO;
				DEBUG_INFORMATION_FORMAT = dwarf;
				ENABLE_STRICT_OBJC_MSGSEND = YES;
				ENABLE_TESTABILITY = YES;
				GCC_C_LANGUAGE_STANDARD = gnu11;
				GCC_DYNAMIC_NO_PIC = NO;
				GCC_NO_COMMON_BLOCKS = YES;
				GCC_OPTIMIZATION_LEVEL = 0;
				GCC_PREPROCESSOR_DEFINITIONS = (
					"DEBUG=1",
					"$(inherited)",
				);
				GCC_WARN_64_TO_32_BIT_CONVERSION = YES;
				GCC_WARN_ABOUT_RETURN_TYPE = YES_ERROR;
				GCC_WARN_UNDECLARED_SELECTOR = YES;
				GCC_WARN_UNINITIALIZED_AUTOS = YES_AGGRESSIVE;
				GCC_WARN_UNUSED_FUNCTION = YES;
				GCC_WARN_UNUSED_VARIABLE = YES;
				IPHONEOS_DEPLOYMENT_TARGET = 14.0;
				MTL_ENABLE_DEBUG_INFO = INCLUDE_SOURCE;
				MTL_FAST_MATH = YES;
				ONLY_ACTIVE_ARCH = YES;
				SDKROOT = iphoneos;
				SWIFT_ACTIVE_COMPILATION_CONDITIONS = DEBUG;
				SWIFT_OPTIMIZATION_LEVEL = "-Onone";
			};
			name = Debug;
		};
		2CECE58825E83DDB0089E068 /* Release */ = {
			isa = XCBuildConfiguration;
			buildSettings = {
				ALWAYS_SEARCH_USER_PATHS = NO;
				CLANG_ANALYZER_NONNULL = YES;
				CLANG_ANALYZER_NUMBER_OBJECT_CONVERSION = YES_AGGRESSIVE;
				CLANG_CXX_LANGUAGE_STANDARD = "gnu++14";
				CLANG_CXX_LIBRARY = "libc++";
				CLANG_ENABLE_MODULES = YES;
				CLANG_ENABLE_OBJC_ARC = YES;
				CLANG_ENABLE_OBJC_WEAK = YES;
				CLANG_WARN_BLOCK_CAPTURE_AUTORELEASING = YES;
				CLANG_WARN_BOOL_CONVERSION = YES;
				CLANG_WARN_COMMA = YES;
				CLANG_WARN_CONSTANT_CONVERSION = YES;
				CLANG_WARN_DEPRECATED_OBJC_IMPLEMENTATIONS = YES;
				CLANG_WARN_DIRECT_OBJC_ISA_USAGE = YES_ERROR;
				CLANG_WARN_DOCUMENTATION_COMMENTS = YES;
				CLANG_WARN_EMPTY_BODY = YES;
				CLANG_WARN_ENUM_CONVERSION = YES;
				CLANG_WARN_INFINITE_RECURSION = YES;
				CLANG_WARN_INT_CONVERSION = YES;
				CLANG_WARN_NON_LITERAL_NULL_CONVERSION = YES;
				CLANG_WARN_OBJC_IMPLICIT_RETAIN_SELF = YES;
				CLANG_WARN_OBJC_LITERAL_CONVERSION = YES;
				CLANG_WARN_OBJC_ROOT_CLASS = YES_ERROR;
				CLANG_WARN_QUOTED_INCLUDE_IN_FRAMEWORK_HEADER = YES;
				CLANG_WARN_RANGE_LOOP_ANALYSIS = YES;
				CLANG_WARN_STRICT_PROTOTYPES = YES;
				CLANG_WARN_SUSPICIOUS_MOVE = YES;
				CLANG_WARN_UNGUARDED_AVAILABILITY = YES_AGGRESSIVE;
				CLANG_WARN_UNREACHABLE_CODE = YES;
				CLANG_WARN__DUPLICATE_METHOD_MATCH = YES;
				COPY_PHASE_STRIP = NO;
				DEBUG_INFORMATION_FORMAT = "dwarf-with-dsym";
				ENABLE_NS_ASSERTIONS = NO;
				ENABLE_STRICT_OBJC_MSGSEND = YES;
				GCC_C_LANGUAGE_STANDARD = gnu11;
				GCC_NO_COMMON_BLOCKS = YES;
				GCC_WARN_64_TO_32_BIT_CONVERSION = YES;
				GCC_WARN_ABOUT_RETURN_TYPE = YES_ERROR;
				GCC_WARN_UNDECLARED_SELECTOR = YES;
				GCC_WARN_UNINITIALIZED_AUTOS = YES_AGGRESSIVE;
				GCC_WARN_UNUSED_FUNCTION = YES;
				GCC_WARN_UNUSED_VARIABLE = YES;
				IPHONEOS_DEPLOYMENT_TARGET = 14.0;
				MTL_ENABLE_DEBUG_INFO = NO;
				MTL_FAST_MATH = YES;
				SDKROOT = iphoneos;
				SWIFT_COMPILATION_MODE = wholemodule;
				SWIFT_OPTIMIZATION_LEVEL = "-O";
				VALIDATE_PRODUCT = YES;
			};
			name = Release;
		};
		2CECE58A25E83DDB0089E068 /* Debug */ = {
			isa = XCBuildConfiguration;
			buildSettings = {
				ASSETCATALOG_COMPILER_APPICON_NAME = AppIcon;
				ASSETCATALOG_COMPILER_GLOBAL_ACCENT_COLOR_NAME = AccentColor;
				CODE_SIGN_STYLE = Automatic;
				DEVELOPMENT_TEAM = HQ953BBSB6;
				INFOPLIST_FILE = CoordinatorSwiftUIKit/Info.plist;
				LD_RUNPATH_SEARCH_PATHS = (
					"$(inherited)",
					"@executable_path/Frameworks",
				);
				PRODUCT_BUNDLE_IDENTIFIER = com.rallyhealth.CoordinatorSwiftUIKit;
				PRODUCT_NAME = "$(TARGET_NAME)";
				SWIFT_VERSION = 5.0;
				TARGETED_DEVICE_FAMILY = "1,2";
			};
			name = Debug;
		};
		2CECE58B25E83DDB0089E068 /* Release */ = {
			isa = XCBuildConfiguration;
			buildSettings = {
				ASSETCATALOG_COMPILER_APPICON_NAME = AppIcon;
				ASSETCATALOG_COMPILER_GLOBAL_ACCENT_COLOR_NAME = AccentColor;
				CODE_SIGN_STYLE = Automatic;
				DEVELOPMENT_TEAM = HQ953BBSB6;
				INFOPLIST_FILE = CoordinatorSwiftUIKit/Info.plist;
				LD_RUNPATH_SEARCH_PATHS = (
					"$(inherited)",
					"@executable_path/Frameworks",
				);
				PRODUCT_BUNDLE_IDENTIFIER = com.rallyhealth.CoordinatorSwiftUIKit;
				PRODUCT_NAME = "$(TARGET_NAME)";
				SWIFT_VERSION = 5.0;
				TARGETED_DEVICE_FAMILY = "1,2";
			};
			name = Release;
		};
/* End XCBuildConfiguration section */

/* Begin XCConfigurationList section */
		2CECE57025E83DD80089E068 /* Build configuration list for PBXProject "CoordinatorSwiftUIKit" */ = {
			isa = XCConfigurationList;
			buildConfigurations = (
				2CECE58725E83DDB0089E068 /* Debug */,
				2CECE58825E83DDB0089E068 /* Release */,
			);
			defaultConfigurationIsVisible = 0;
			defaultConfigurationName = Release;
		};
		2CECE58925E83DDB0089E068 /* Build configuration list for PBXNativeTarget "CoordinatorSwiftUIKit" */ = {
			isa = XCConfigurationList;
			buildConfigurations = (
				2CECE58A25E83DDB0089E068 /* Debug */,
				2CECE58B25E83DDB0089E068 /* Release */,
			);
			defaultConfigurationIsVisible = 0;
			defaultConfigurationName = Release;
		};
/* End XCConfigurationList section */
	};
	rootObject = 2CECE56D25E83DD80089E068 /* Project object */;
}
